
Microsoft Visual Studio Solution File, Format Version 12.00
# Visual Studio 14
VisualStudioVersion = 14.0.23107.0
MinimumVisualStudioVersion = 10.0.40219.1
Project("{FAE04EC0-301F-11D3-BF4B-00C04F79EFBC}") = "jiangli.UI", "jiangli.UI\jiangli.UI.csproj", "{9ADA9764-FF6E-44DE-BEC4-604EE1B42899}"
EndProject
Project("{2150E333-8FDC-42A3-9474-1A3956D46DE8}") = "MySqlEf", "MySqlEf", "{1901DA26-AB33-4D4D-B0C4-E1FE89139E51}"
EndProject
Project("{FAE04EC0-301F-11D3-BF4B-00C04F79EFBC}") = "jiangli.Models", "jiangli.Models\jiangli.Models.csproj", "{7C3D361E-87C4-44B3-B427-65B2ED95463D}"
EndProject
Project("{FAE04EC0-301F-11D3-BF4B-00C04F79EFBC}") = "jiangli.BLL", "jiangli.BLL\jiangli.BLL.csproj", "{2D764091-51CB-4A24-8987-B35EF6F9D4F8}"
EndProject
Project("{FAE04EC0-301F-11D3-BF4B-00C04F79EFBC}") = "jiangli.DAL", "jiangli.DAL\jiangli.DAL.csproj", "{1D8C7173-ED7E-490C-BBBD-37439D676102}"
EndProject
Project("{FAE04EC0-301F-11D3-BF4B-00C04F79EFBC}") = "jiangli.IBLL", "jiangli.IBLL\jiangli.IBLL.csproj", "{DE690AA2-B2CE-44D5-A7F8-E2E6E177F6B7}"
EndProject
Project("{FAE04EC0-301F-11D3-BF4B-00C04F79EFBC}") = "jiangli.IDAL", "jiangli.IDAL\jiangli.IDAL.csproj", "{4249A0E7-F54B-49F8-91C4-BD80AF887463}"
EndProject
Project("{FAE04EC0-301F-11D3-BF4B-00C04F79EFBC}") = "jiangli.Common", "jiangli.Common\jiangli.Common.csproj", "{226F8649-CFDA-4982-A4F1-5CEBF772445E}"
EndProject
Project("{FAE04EC0-301F-11D3-BF4B-00C04F79EFBC}") = "jiangli.Manager", "jiangli.Manager\jiangli.Manager.csproj", "{1B044C0E-A7BB-4171-B4F9-47DB044B841C}"
EndProject
Global
	GlobalSection(SolutionConfigurationPlatforms) = preSolution
		Debug|Any CPU = Debug|Any CPU
		Release|Any CPU = Release|Any CPU
	EndGlobalSection
	GlobalSection(ProjectConfigurationPlatforms) = postSolution
		{9ADA9764-FF6E-44DE-BEC4-604EE1B42899}.Debug|Any CPU.ActiveCfg = Debug|Any CPU
		{9ADA9764-FF6E-44DE-BEC4-604EE1B42899}.Debug|Any CPU.Build.0 = Debug|Any CPU
		{9ADA9764-FF6E-44DE-BEC4-604EE1B42899}.Release|Any CPU.ActiveCfg = Release|Any CPU
		{9ADA9764-FF6E-44DE-BEC4-604EE1B42899}.Release|Any CPU.Build.0 = Release|Any CPU
		{7C3D361E-87C4-44B3-B427-65B2ED95463D}.Debug|Any CPU.ActiveCfg = Debug|Any CPU
		{7C3D361E-87C4-44B3-B427-65B2ED95463D}.Debug|Any CPU.Build.0 = Debug|Any CPU
		{7C3D361E-87C4-44B3-B427-65B2ED95463D}.Release|Any CPU.ActiveCfg = Release|Any CPU
		{7C3D361E-87C4-44B3-B427-65B2ED95463D}.Release|Any CPU.Build.0 = Release|Any CPU
		{2D764091-51CB-4A24-8987-B35EF6F9D4F8}.Debug|Any CPU.ActiveCfg = Debug|Any CPU
		{2D764091-51CB-4A24-8987-B35EF6F9D4F8}.Debug|Any CPU.Build.0 = Debug|Any CPU
		{2D764091-51CB-4A24-8987-B35EF6F9D4F8}.Release|Any CPU.ActiveCfg = Release|Any CPU
		{2D764091-51CB-4A24-8987-B35EF6F9D4F8}.Release|Any CPU.Build.0 = Release|Any CPU
		{1D8C7173-ED7E-490C-BBBD-37439D676102}.Debug|Any CPU.ActiveCfg = Debug|Any CPU
		{1D8C7173-ED7E-490C-BBBD-37439D676102}.Debug|Any CPU.Build.0 = Debug|Any CPU
		{1D8C7173-ED7E-490C-BBBD-37439D676102}.Release|Any CPU.ActiveCfg = Release|Any CPU
		{1D8C7173-ED7E-490C-BBBD-37439D676102}.Release|Any CPU.Build.0 = Release|Any CPU
		{DE690AA2-B2CE-44D5-A7F8-E2E6E177F6B7}.Debug|Any CPU.ActiveCfg = Debug|Any CPU
		{DE690AA2-B2CE-44D5-A7F8-E2E6E177F6B7}.Debug|Any CPU.Build.0 = Debug|Any CPU
		{DE690AA2-B2CE-44D5-A7F8-E2E6E177F6B7}.Release|Any CPU.ActiveCfg = Release|Any CPU
		{DE690AA2-B2CE-44D5-A7F8-E2E6E177F6B7}.Release|Any CPU.Build.0 = Release|Any CPU
		{4249A0E7-F54B-49F8-91C4-BD80AF887463}.Debug|Any CPU.ActiveCfg = Debug|Any CPU
		{4249A0E7-F54B-49F8-91C4-BD80AF887463}.Debug|Any CPU.Build.0 = Debug|Any CPU
		{4249A0E7-F54B-49F8-91C4-BD80AF887463}.Release|Any CPU.ActiveCfg = Release|Any CPU
		{4249A0E7-F54B-49F8-91C4-BD80AF887463}.Release|Any CPU.Build.0 = Release|Any CPU
		{226F8649-CFDA-4982-A4F1-5CEBF772445E}.Debug|Any CPU.ActiveCfg = Debug|Any CPU
		{226F8649-CFDA-4982-A4F1-5CEBF772445E}.Debug|Any CPU.Build.0 = Debug|Any CPU
		{226F8649-CFDA-4982-A4F1-5CEBF772445E}.Release|Any CPU.ActiveCfg = Release|Any CPU
		{226F8649-CFDA-4982-A4F1-5CEBF772445E}.Release|Any CPU.Build.0 = Release|Any CPU
		{1B044C0E-A7BB-4171-B4F9-47DB044B841C}.Debug|Any CPU.ActiveCfg = Debug|Any CPU
		{1B044C0E-A7BB-4171-B4F9-47DB044B841C}.Debug|Any CPU.Build.0 = Debug|Any CPU
		{1B044C0E-A7BB-4171-B4F9-47DB044B841C}.Release|Any CPU.ActiveCfg = Release|Any CPU
		{1B044C0E-A7BB-4171-B4F9-47DB044B841C}.Release|Any CPU.Build.0 = Release|Any CPU
	EndGlobalSection
	GlobalSection(SolutionProperties) = preSolution
		HideSolutionNode = FALSE
	EndGlobalSection
	GlobalSection(NestedProjects) = preSolution
		{7C3D361E-87C4-44B3-B427-65B2ED95463D} = {1901DA26-AB33-4D4D-B0C4-E1FE89139E51}
		{2D764091-51CB-4A24-8987-B35EF6F9D4F8} = {1901DA26-AB33-4D4D-B0C4-E1FE89139E51}
		{1D8C7173-ED7E-490C-BBBD-37439D676102} = {1901DA26-AB33-4D4D-B0C4-E1FE89139E51}
		{DE690AA2-B2CE-44D5-A7F8-E2E6E177F6B7} = {1901DA26-AB33-4D4D-B0C4-E1FE89139E51}
		{4249A0E7-F54B-49F8-91C4-BD80AF887463} = {1901DA26-AB33-4D4D-B0C4-E1FE89139E51}
		{226F8649-CFDA-4982-A4F1-5CEBF772445E} = {1901DA26-AB33-4D4D-B0C4-E1FE89139E51}
		{1B044C0E-A7BB-4171-B4F9-47DB044B841C} = {1901DA26-AB33-4D4D-B0C4-E1FE89139E51}
	EndGlobalSection
EndGlobal
